
Microsoft Visual Studio Solution File, Format Version 12.00
# Visual Studio Version 16
VisualStudioVersion = 16.0.30717.126
MinimumVisualStudioVersion = 10.0.40219.1
Project("{FAE04EC0-301F-11D3-BF4B-00C04F79EFBC}") = "ExcelParser", "ExcelParser\ExcelParser.csproj", "{842DE53B-746E-485A-8B5E-1C6D8E9085F9}"
EndProject
Project("{FAE04EC0-301F-11D3-BF4B-00C04F79EFBC}") = "ExcelParser.Test", "ExcelParser.Test\ExcelParser.Test.csproj", "{0F6AEE87-E0B0-42AE-9B9B-AE71774B0DC5}"
EndProject
Global
	GlobalSection(SolutionConfigurationPlatforms) = preSolution
		Debug|Any CPU = Debug|Any CPU
		Release|Any CPU = Release|Any CPU
	EndGlobalSection
	GlobalSection(ProjectConfigurationPlatforms) = postSolution
		{842DE53B-746E-485A-8B5E-1C6D8E9085F9}.Debug|Any CPU.ActiveCfg = Debug|Any CPU
		{842DE53B-746E-485A-8B5E-1C6D8E9085F9}.Debug|Any CPU.Build.0 = Debug|Any CPU
		{842DE53B-746E-485A-8B5E-1C6D8E9085F9}.Release|Any CPU.ActiveCfg = Release|Any CPU
		{842DE53B-746E-485A-8B5E-1C6D8E9085F9}.Release|Any CPU.Build.0 = Release|Any CPU
		{0F6AEE87-E0B0-42AE-9B9B-AE71774B0DC5}.Debug|Any CPU.ActiveCfg = Debug|Any CPU
		{0F6AEE87-E0B0-42AE-9B9B-AE71774B0DC5}.Debug|Any CPU.Build.0 = Debug|Any CPU
		{0F6AEE87-E0B0-42AE-9B9B-AE71774B0DC5}.Release|Any CPU.ActiveCfg = Release|Any CPU
		{0F6AEE87-E0B0-42AE-9B9B-AE71774B0DC5}.Release|Any CPU.Build.0 = Release|Any CPU
	EndGlobalSection
	GlobalSection(SolutionProperties) = preSolution
		HideSolutionNode = FALSE
	EndGlobalSection
	GlobalSection(ExtensibilityGlobals) = postSolution
		SolutionGuid = {97C95E65-EE62-4542-9967-04840E7BF0AA}
	EndGlobalSection
EndGlobal
